// !$*UTF8*$!
{
	archiveVersion = 1;
	classes = {
	};
	objectVersion = 46;
	objects = {

/* Begin PBXBuildFile section */
		830991D61B7140C5007FCDAB /* AppDelegate.swift in Sources */ = {isa = PBXBuildFile; fileRef = 830991D51B7140C5007FCDAB /* AppDelegate.swift */; };
		830991D81B7140C5007FCDAB /* ViewController.swift in Sources */ = {isa = PBXBuildFile; fileRef = 830991D71B7140C5007FCDAB /* ViewController.swift */; };
		830991DB1B7140C5007FCDAB /* Main.storyboard in Resources */ = {isa = PBXBuildFile; fileRef = 830991D91B7140C5007FCDAB /* Main.storyboard */; };
		830991DD1B7140C5007FCDAB /* Images.xcassets in Resources */ = {isa = PBXBuildFile; fileRef = 830991DC1B7140C5007FCDAB /* Images.xcassets */; };
		830991E01B7140C5007FCDAB /* LaunchScreen.xib in Resources */ = {isa = PBXBuildFile; fileRef = 830991DE1B7140C5007FCDAB /* LaunchScreen.xib */; };
		830991EC1B7140C5007FCDAB /* KitchenSinkTests.swift in Sources */ = {isa = PBXBuildFile; fileRef = 830991EB1B7140C5007FCDAB /* KitchenSinkTests.swift */; };
		830991FF1B714128007FCDAB /* InterfaceController.swift in Sources */ = {isa = PBXBuildFile; fileRef = 830991FE1B714128007FCDAB /* InterfaceController.swift */; };
		830992011B714128007FCDAB /* NotificationController.swift in Sources */ = {isa = PBXBuildFile; fileRef = 830992001B714128007FCDAB /* NotificationController.swift */; };
		830992031B714128007FCDAB /* Images.xcassets in Resources */ = {isa = PBXBuildFile; fileRef = 830992021B714128007FCDAB /* Images.xcassets */; };
		830992071B714128007FCDAB /* KitchenSink WatchKit App.app in Resources */ = {isa = PBXBuildFile; fileRef = 830992061B714128007FCDAB /* KitchenSink WatchKit App.app */; };
		8309920F1B714128007FCDAB /* Interface.storyboard in Resources */ = {isa = PBXBuildFile; fileRef = 8309920D1B714128007FCDAB /* Interface.storyboard */; };
		830992111B714128007FCDAB /* Images.xcassets in Resources */ = {isa = PBXBuildFile; fileRef = 830992101B714128007FCDAB /* Images.xcassets */; };
		830992141B714128007FCDAB /* KitchenSink WatchKit Extension.appex in Embed App Extensions */ = {isa = PBXBuildFile; fileRef = 830991F91B714128007FCDAB /* KitchenSink WatchKit Extension.appex */; settings = {ATTRIBUTES = (RemoveHeadersOnCopy, ); }; };
		830992251B714171007FCDAB /* ActionViewController.swift in Sources */ = {isa = PBXBuildFile; fileRef = 830992241B714171007FCDAB /* ActionViewController.swift */; };
		830992271B714171007FCDAB /* MainInterface.storyboard in Resources */ = {isa = PBXBuildFile; fileRef = 830992261B714171007FCDAB /* MainInterface.storyboard */; };
		8309922A1B714171007FCDAB /* ActionExtension.appex in Embed App Extensions */ = {isa = PBXBuildFile; fileRef = 830992201B714171007FCDAB /* ActionExtension.appex */; settings = {ATTRIBUTES = (RemoveHeadersOnCopy, ); }; };
		830992371B7151A3007FCDAB /* KeyboardViewController.swift in Sources */ = {isa = PBXBuildFile; fileRef = 830992361B7151A3007FCDAB /* KeyboardViewController.swift */; };
		8309923A1B7151A3007FCDAB /* CustomKeyboard.appex in Embed App Extensions */ = {isa = PBXBuildFile; fileRef = 830992321B7151A3007FCDAB /* CustomKeyboard.appex */; settings = {ATTRIBUTES = (RemoveHeadersOnCopy, ); }; };
		830992481B7151BF007FCDAB /* DocumentPickerViewController.swift in Sources */ = {isa = PBXBuildFile; fileRef = 830992471B7151BF007FCDAB /* DocumentPickerViewController.swift */; };
		8309924A1B7151BF007FCDAB /* MainInterface.storyboard in Resources */ = {isa = PBXBuildFile; fileRef = 830992491B7151BF007FCDAB /* MainInterface.storyboard */; };
		830992551B7151BF007FCDAB /* FileProvider.swift in Sources */ = {isa = PBXBuildFile; fileRef = 830992541B7151BF007FCDAB /* FileProvider.swift */; };
		830992581B7151BF007FCDAB /* DocumentProviderFileProvider.appex in Embed App Extensions */ = {isa = PBXBuildFile; fileRef = 8309924F1B7151BF007FCDAB /* DocumentProviderFileProvider.appex */; settings = {ATTRIBUTES = (RemoveHeadersOnCopy, ); }; };
		8309925B1B7151BF007FCDAB /* DocumentProvider.appex in Embed App Extensions */ = {isa = PBXBuildFile; fileRef = 830992421B7151BF007FCDAB /* DocumentProvider.appex */; settings = {ATTRIBUTES = (RemoveHeadersOnCopy, ); }; };
		830992691B715343007FCDAB /* PhotosUI.framework in Frameworks */ = {isa = PBXBuildFile; fileRef = 830992681B715343007FCDAB /* PhotosUI.framework */; };
		8309926B1B715343007FCDAB /* Photos.framework in Frameworks */ = {isa = PBXBuildFile; fileRef = 8309926A1B715343007FCDAB /* Photos.framework */; };
		830992701B715343007FCDAB /* PhotoEditingViewController.swift in Sources */ = {isa = PBXBuildFile; fileRef = 8309926F1B715343007FCDAB /* PhotoEditingViewController.swift */; };
		830992721B715343007FCDAB /* MainInterface.storyboard in Resources */ = {isa = PBXBuildFile; fileRef = 830992711B715343007FCDAB /* MainInterface.storyboard */; };
		830992751B715343007FCDAB /* PhotoEditingExtension.appex in Embed App Extensions */ = {isa = PBXBuildFile; fileRef = 830992661B715343007FCDAB /* PhotoEditingExtension.appex */; settings = {ATTRIBUTES = (RemoveHeadersOnCopy, ); }; };
		830992821B715353007FCDAB /* ShareViewController.swift in Sources */ = {isa = PBXBuildFile; fileRef = 830992811B715353007FCDAB /* ShareViewController.swift */; };
		830992841B715353007FCDAB /* MainInterface.storyboard in Resources */ = {isa = PBXBuildFile; fileRef = 830992831B715353007FCDAB /* MainInterface.storyboard */; };
		830992871B715353007FCDAB /* ShareExtension.appex in Embed App Extensions */ = {isa = PBXBuildFile; fileRef = 8309927D1B715353007FCDAB /* ShareExtension.appex */; settings = {ATTRIBUTES = (RemoveHeadersOnCopy, ); }; };
		830992911B71535B007FCDAB /* NotificationCenter.framework in Frameworks */ = {isa = PBXBuildFile; fileRef = 830992901B71535B007FCDAB /* NotificationCenter.framework */; };
		830992961B71535B007FCDAB /* TodayViewController.swift in Sources */ = {isa = PBXBuildFile; fileRef = 830992951B71535B007FCDAB /* TodayViewController.swift */; };
		830992981B71535B007FCDAB /* MainInterface.storyboard in Resources */ = {isa = PBXBuildFile; fileRef = 830992971B71535B007FCDAB /* MainInterface.storyboard */; };
		8309929B1B71535B007FCDAB /* TodayExtension.appex in Embed App Extensions */ = {isa = PBXBuildFile; fileRef = 8309928F1B71535B007FCDAB /* TodayExtension.appex */; settings = {ATTRIBUTES = (RemoveHeadersOnCopy, ); }; };
/* End PBXBuildFile section */

/* Begin PBXContainerItemProxy section */
		830991E61B7140C5007FCDAB /* PBXContainerItemProxy */ = {
			isa = PBXContainerItemProxy;
			containerPortal = 830991C81B7140C5007FCDAB /* Project object */;
			proxyType = 1;
			remoteGlobalIDString = 830991CF1B7140C5007FCDAB;
			remoteInfo = KitchenSink;
		};
		830992081B714128007FCDAB /* PBXContainerItemProxy */ = {
			isa = PBXContainerItemProxy;
			containerPortal = 830991C81B7140C5007FCDAB /* Project object */;
			proxyType = 1;
			remoteGlobalIDString = 830992051B714128007FCDAB;
			remoteInfo = "KitchenSink WatchKit App";
		};
		830992121B714128007FCDAB /* PBXContainerItemProxy */ = {
			isa = PBXContainerItemProxy;
			containerPortal = 830991C81B7140C5007FCDAB /* Project object */;
			proxyType = 1;
			remoteGlobalIDString = 830991F81B714128007FCDAB;
			remoteInfo = "KitchenSink WatchKit Extension";
		};
		830992281B714171007FCDAB /* PBXContainerItemProxy */ = {
			isa = PBXContainerItemProxy;
			containerPortal = 830991C81B7140C5007FCDAB /* Project object */;
			proxyType = 1;
			remoteGlobalIDString = 8309921F1B714171007FCDAB;
			remoteInfo = ActionExtension;
		};
		830992381B7151A3007FCDAB /* PBXContainerItemProxy */ = {
			isa = PBXContainerItemProxy;
			containerPortal = 830991C81B7140C5007FCDAB /* Project object */;
			proxyType = 1;
			remoteGlobalIDString = 830992311B7151A3007FCDAB;
			remoteInfo = CustomKeyboard;
		};
		830992561B7151BF007FCDAB /* PBXContainerItemProxy */ = {
			isa = PBXContainerItemProxy;
			containerPortal = 830991C81B7140C5007FCDAB /* Project object */;
			proxyType = 1;
			remoteGlobalIDString = 8309924E1B7151BF007FCDAB;
			remoteInfo = DocumentProviderFileProvider;
		};
		830992591B7151BF007FCDAB /* PBXContainerItemProxy */ = {
			isa = PBXContainerItemProxy;
			containerPortal = 830991C81B7140C5007FCDAB /* Project object */;
			proxyType = 1;
			remoteGlobalIDString = 830992411B7151BF007FCDAB;
			remoteInfo = DocumentProvider;
		};
		830992731B715343007FCDAB /* PBXContainerItemProxy */ = {
			isa = PBXContainerItemProxy;
			containerPortal = 830991C81B7140C5007FCDAB /* Project object */;
			proxyType = 1;
			remoteGlobalIDString = 830992651B715343007FCDAB;
			remoteInfo = PhotoEditingExtension;
		};
		830992851B715353007FCDAB /* PBXContainerItemProxy */ = {
			isa = PBXContainerItemProxy;
			containerPortal = 830991C81B7140C5007FCDAB /* Project object */;
			proxyType = 1;
			remoteGlobalIDString = 8309927C1B715353007FCDAB;
			remoteInfo = ShareExtension;
		};
		830992991B71535B007FCDAB /* PBXContainerItemProxy */ = {
			isa = PBXContainerItemProxy;
			containerPortal = 830991C81B7140C5007FCDAB /* Project object */;
			proxyType = 1;
			remoteGlobalIDString = 8309928E1B71535B007FCDAB;
			remoteInfo = TodayExtension;
		};
/* End PBXContainerItemProxy section */

/* Begin PBXCopyFilesBuildPhase section */
		8309921B1B714128007FCDAB /* Embed App Extensions */ = {
			isa = PBXCopyFilesBuildPhase;
			buildActionMask = 2147483647;
			dstPath = "";
			dstSubfolderSpec = 13;
			files = (
				830992871B715353007FCDAB /* ShareExtension.appex in Embed App Extensions */,
				830992751B715343007FCDAB /* PhotoEditingExtension.appex in Embed App Extensions */,
				8309922A1B714171007FCDAB /* ActionExtension.appex in Embed App Extensions */,
				830992141B714128007FCDAB /* KitchenSink WatchKit Extension.appex in Embed App Extensions */,
				8309925B1B7151BF007FCDAB /* DocumentProvider.appex in Embed App Extensions */,
				8309923A1B7151A3007FCDAB /* CustomKeyboard.appex in Embed App Extensions */,
				8309929B1B71535B007FCDAB /* TodayExtension.appex in Embed App Extensions */,
				830992581B7151BF007FCDAB /* DocumentProviderFileProvider.appex in Embed App Extensions */,
			);
			name = "Embed App Extensions";
			runOnlyForDeploymentPostprocessing = 0;
		};
/* End PBXCopyFilesBuildPhase section */

/* Begin PBXFileReference section */
		830991D01B7140C5007FCDAB /* KitchenSink.app */ = {isa = PBXFileReference; explicitFileType = wrapper.application; includeInIndex = 0; path = KitchenSink.app; sourceTree = BUILT_PRODUCTS_DIR; };
		830991D41B7140C5007FCDAB /* Info.plist */ = {isa = PBXFileReference; lastKnownFileType = text.plist.xml; path = Info.plist; sourceTree = "<group>"; };
		830991D51B7140C5007FCDAB /* AppDelegate.swift */ = {isa = PBXFileReference; lastKnownFileType = sourcecode.swift; path = AppDelegate.swift; sourceTree = "<group>"; };
		830991D71B7140C5007FCDAB /* ViewController.swift */ = {isa = PBXFileReference; lastKnownFileType = sourcecode.swift; path = ViewController.swift; sourceTree = "<group>"; };
		830991DA1B7140C5007FCDAB /* Base */ = {isa = PBXFileReference; lastKnownFileType = file.storyboard; name = Base; path = Base.lproj/Main.storyboard; sourceTree = "<group>"; };
		830991DC1B7140C5007FCDAB /* Images.xcassets */ = {isa = PBXFileReference; lastKnownFileType = folder.assetcatalog; path = Images.xcassets; sourceTree = "<group>"; };
		830991DF1B7140C5007FCDAB /* Base */ = {isa = PBXFileReference; lastKnownFileType = file.xib; name = Base; path = Base.lproj/LaunchScreen.xib; sourceTree = "<group>"; };
		830991E51B7140C5007FCDAB /* KitchenSinkTests.xctest */ = {isa = PBXFileReference; explicitFileType = wrapper.cfbundle; includeInIndex = 0; path = KitchenSinkTests.xctest; sourceTree = BUILT_PRODUCTS_DIR; };
		830991EA1B7140C5007FCDAB /* Info.plist */ = {isa = PBXFileReference; lastKnownFileType = text.plist.xml; path = Info.plist; sourceTree = "<group>"; };
		830991EB1B7140C5007FCDAB /* KitchenSinkTests.swift */ = {isa = PBXFileReference; lastKnownFileType = sourcecode.swift; path = KitchenSinkTests.swift; sourceTree = "<group>"; };
		830991F91B714128007FCDAB /* KitchenSink WatchKit Extension.appex */ = {isa = PBXFileReference; explicitFileType = "wrapper.app-extension"; includeInIndex = 0; path = "KitchenSink WatchKit Extension.appex"; sourceTree = BUILT_PRODUCTS_DIR; };
		830991FC1B714128007FCDAB /* Info.plist */ = {isa = PBXFileReference; lastKnownFileType = text.plist.xml; path = Info.plist; sourceTree = "<group>"; };
		830991FD1B714128007FCDAB /* PushNotificationPayload.apns */ = {isa = PBXFileReference; lastKnownFileType = text; path = PushNotificationPayload.apns; sourceTree = "<group>"; };
		830991FE1B714128007FCDAB /* InterfaceController.swift */ = {isa = PBXFileReference; lastKnownFileType = sourcecode.swift; path = InterfaceController.swift; sourceTree = "<group>"; };
		830992001B714128007FCDAB /* NotificationController.swift */ = {isa = PBXFileReference; lastKnownFileType = sourcecode.swift; path = NotificationController.swift; sourceTree = "<group>"; };
		830992021B714128007FCDAB /* Images.xcassets */ = {isa = PBXFileReference; lastKnownFileType = folder.assetcatalog; path = Images.xcassets; sourceTree = "<group>"; };
		830992061B714128007FCDAB /* KitchenSink WatchKit App.app */ = {isa = PBXFileReference; explicitFileType = wrapper.application; includeInIndex = 0; path = "KitchenSink WatchKit App.app"; sourceTree = BUILT_PRODUCTS_DIR; };
		8309920C1B714128007FCDAB /* Info.plist */ = {isa = PBXFileReference; lastKnownFileType = text.plist.xml; path = Info.plist; sourceTree = "<group>"; };
		8309920E1B714128007FCDAB /* Base */ = {isa = PBXFileReference; lastKnownFileType = file.storyboard; name = Base; path = Base.lproj/Interface.storyboard; sourceTree = "<group>"; };
		830992101B714128007FCDAB /* Images.xcassets */ = {isa = PBXFileReference; lastKnownFileType = folder.assetcatalog; path = Images.xcassets; sourceTree = "<group>"; };
		830992201B714171007FCDAB /* ActionExtension.appex */ = {isa = PBXFileReference; explicitFileType = "wrapper.app-extension"; includeInIndex = 0; path = ActionExtension.appex; sourceTree = BUILT_PRODUCTS_DIR; };
		830992231B714171007FCDAB /* Info.plist */ = {isa = PBXFileReference; lastKnownFileType = text.plist.xml; path = Info.plist; sourceTree = "<group>"; };
		830992241B714171007FCDAB /* ActionViewController.swift */ = {isa = PBXFileReference; lastKnownFileType = sourcecode.swift; path = ActionViewController.swift; sourceTree = "<group>"; };
		830992261B714171007FCDAB /* MainInterface.storyboard */ = {isa = PBXFileReference; lastKnownFileType = file.storyboard; path = MainInterface.storyboard; sourceTree = "<group>"; };
		830992321B7151A3007FCDAB /* CustomKeyboard.appex */ = {isa = PBXFileReference; explicitFileType = "wrapper.app-extension"; includeInIndex = 0; path = CustomKeyboard.appex; sourceTree = BUILT_PRODUCTS_DIR; };
		830992351B7151A3007FCDAB /* Info.plist */ = {isa = PBXFileReference; lastKnownFileType = text.plist.xml; path = Info.plist; sourceTree = "<group>"; };
		830992361B7151A3007FCDAB /* KeyboardViewController.swift */ = {isa = PBXFileReference; lastKnownFileType = sourcecode.swift; path = KeyboardViewController.swift; sourceTree = "<group>"; };
		830992421B7151BF007FCDAB /* DocumentProvider.appex */ = {isa = PBXFileReference; explicitFileType = "wrapper.app-extension"; includeInIndex = 0; path = DocumentProvider.appex; sourceTree = BUILT_PRODUCTS_DIR; };
		830992451B7151BF007FCDAB /* Info.plist */ = {isa = PBXFileReference; lastKnownFileType = text.plist.xml; path = Info.plist; sourceTree = "<group>"; };
		830992461B7151BF007FCDAB /* DocumentProvider.entitlements */ = {isa = PBXFileReference; lastKnownFileType = text.xml; path = DocumentProvider.entitlements; sourceTree = "<group>"; };
		830992471B7151BF007FCDAB /* DocumentPickerViewController.swift */ = {isa = PBXFileReference; lastKnownFileType = sourcecode.swift; path = DocumentPickerViewController.swift; sourceTree = "<group>"; };
		830992491B7151BF007FCDAB /* MainInterface.storyboard */ = {isa = PBXFileReference; lastKnownFileType = file.storyboard; path = MainInterface.storyboard; sourceTree = "<group>"; };
		8309924F1B7151BF007FCDAB /* DocumentProviderFileProvider.appex */ = {isa = PBXFileReference; explicitFileType = "wrapper.app-extension"; includeInIndex = 0; path = DocumentProviderFileProvider.appex; sourceTree = BUILT_PRODUCTS_DIR; };
		830992521B7151BF007FCDAB /* Info.plist */ = {isa = PBXFileReference; lastKnownFileType = text.plist.xml; path = Info.plist; sourceTree = "<group>"; };
		830992531B7151BF007FCDAB /* DocumentProviderFileProvider.entitlements */ = {isa = PBXFileReference; lastKnownFileType = text.xml; path = DocumentProviderFileProvider.entitlements; sourceTree = "<group>"; };
		830992541B7151BF007FCDAB /* FileProvider.swift */ = {isa = PBXFileReference; lastKnownFileType = sourcecode.swift; path = FileProvider.swift; sourceTree = "<group>"; };
		830992661B715343007FCDAB /* PhotoEditingExtension.appex */ = {isa = PBXFileReference; explicitFileType = "wrapper.app-extension"; includeInIndex = 0; path = PhotoEditingExtension.appex; sourceTree = BUILT_PRODUCTS_DIR; };
		830992681B715343007FCDAB /* PhotosUI.framework */ = {isa = PBXFileReference; lastKnownFileType = wrapper.framework; name = PhotosUI.framework; path = System/Library/Frameworks/PhotosUI.framework; sourceTree = SDKROOT; };
		8309926A1B715343007FCDAB /* Photos.framework */ = {isa = PBXFileReference; lastKnownFileType = wrapper.framework; name = Photos.framework; path = System/Library/Frameworks/Photos.framework; sourceTree = SDKROOT; };
		8309926E1B715343007FCDAB /* Info.plist */ = {isa = PBXFileReference; lastKnownFileType = text.plist.xml; path = Info.plist; sourceTree = "<group>"; };
		8309926F1B715343007FCDAB /* PhotoEditingViewController.swift */ = {isa = PBXFileReference; lastKnownFileType = sourcecode.swift; path = PhotoEditingViewController.swift; sourceTree = "<group>"; };
		830992711B715343007FCDAB /* MainInterface.storyboard */ = {isa = PBXFileReference; lastKnownFileType = file.storyboard; path = MainInterface.storyboard; sourceTree = "<group>"; };
		8309927D1B715353007FCDAB /* ShareExtension.appex */ = {isa = PBXFileReference; explicitFileType = "wrapper.app-extension"; includeInIndex = 0; path = ShareExtension.appex; sourceTree = BUILT_PRODUCTS_DIR; };
		830992801B715353007FCDAB /* Info.plist */ = {isa = PBXFileReference; lastKnownFileType = text.plist.xml; path = Info.plist; sourceTree = "<group>"; };
		830992811B715353007FCDAB /* ShareViewController.swift */ = {isa = PBXFileReference; lastKnownFileType = sourcecode.swift; path = ShareViewController.swift; sourceTree = "<group>"; };
		830992831B715353007FCDAB /* MainInterface.storyboard */ = {isa = PBXFileReference; lastKnownFileType = file.storyboard; path = MainInterface.storyboard; sourceTree = "<group>"; };
		8309928F1B71535B007FCDAB /* TodayExtension.appex */ = {isa = PBXFileReference; explicitFileType = "wrapper.app-extension"; includeInIndex = 0; path = TodayExtension.appex; sourceTree = BUILT_PRODUCTS_DIR; };
		830992901B71535B007FCDAB /* NotificationCenter.framework */ = {isa = PBXFileReference; lastKnownFileType = wrapper.framework; name = NotificationCenter.framework; path = System/Library/Frameworks/NotificationCenter.framework; sourceTree = SDKROOT; };
		830992941B71535B007FCDAB /* Info.plist */ = {isa = PBXFileReference; lastKnownFileType = text.plist.xml; path = Info.plist; sourceTree = "<group>"; };
		830992951B71535B007FCDAB /* TodayViewController.swift */ = {isa = PBXFileReference; lastKnownFileType = sourcecode.swift; path = TodayViewController.swift; sourceTree = "<group>"; };
		830992971B71535B007FCDAB /* MainInterface.storyboard */ = {isa = PBXFileReference; lastKnownFileType = file.storyboard; path = MainInterface.storyboard; sourceTree = "<group>"; };
/* End PBXFileReference section */

/* Begin PBXFrameworksBuildPhase section */
		830991CD1B7140C5007FCDAB /* Frameworks */ = {
			isa = PBXFrameworksBuildPhase;
			buildActionMask = 2147483647;
			files = (
			);
			runOnlyForDeploymentPostprocessing = 0;
		};
		830991E21B7140C5007FCDAB /* Frameworks */ = {
			isa = PBXFrameworksBuildPhase;
			buildActionMask = 2147483647;
			files = (
			);
			runOnlyForDeploymentPostprocessing = 0;
		};
		830991F61B714128007FCDAB /* Frameworks */ = {
			isa = PBXFrameworksBuildPhase;
			buildActionMask = 2147483647;
			files = (
			);
			runOnlyForDeploymentPostprocessing = 0;
		};
		8309921D1B714171007FCDAB /* Frameworks */ = {
			isa = PBXFrameworksBuildPhase;
			buildActionMask = 2147483647;
			files = (
			);
			runOnlyForDeploymentPostprocessing = 0;
		};
		8309922F1B7151A3007FCDAB /* Frameworks */ = {
			isa = PBXFrameworksBuildPhase;
			buildActionMask = 2147483647;
			files = (
			);
			runOnlyForDeploymentPostprocessing = 0;
		};
		8309923F1B7151BF007FCDAB /* Frameworks */ = {
			isa = PBXFrameworksBuildPhase;
			buildActionMask = 2147483647;
			files = (
			);
			runOnlyForDeploymentPostprocessing = 0;
		};
		8309924C1B7151BF007FCDAB /* Frameworks */ = {
			isa = PBXFrameworksBuildPhase;
			buildActionMask = 2147483647;
			files = (
			);
			runOnlyForDeploymentPostprocessing = 0;
		};
		830992631B715343007FCDAB /* Frameworks */ = {
			isa = PBXFrameworksBuildPhase;
			buildActionMask = 2147483647;
			files = (
				830992691B715343007FCDAB /* PhotosUI.framework in Frameworks */,
				8309926B1B715343007FCDAB /* Photos.framework in Frameworks */,
			);
			runOnlyForDeploymentPostprocessing = 0;
		};
		8309927A1B715353007FCDAB /* Frameworks */ = {
			isa = PBXFrameworksBuildPhase;
			buildActionMask = 2147483647;
			files = (
			);
			runOnlyForDeploymentPostprocessing = 0;
		};
		8309928C1B71535B007FCDAB /* Frameworks */ = {
			isa = PBXFrameworksBuildPhase;
			buildActionMask = 2147483647;
			files = (
				830992911B71535B007FCDAB /* NotificationCenter.framework in Frameworks */,
			);
			runOnlyForDeploymentPostprocessing = 0;
		};
/* End PBXFrameworksBuildPhase section */

/* Begin PBXGroup section */
		830991C71B7140C5007FCDAB = {
			isa = PBXGroup;
			children = (
				830991D21B7140C5007FCDAB /* KitchenSink */,
				830991E81B7140C5007FCDAB /* KitchenSinkTests */,
				830991FA1B714128007FCDAB /* KitchenSink WatchKit Extension */,
				8309920A1B714128007FCDAB /* KitchenSink WatchKit App */,
				830992211B714171007FCDAB /* ActionExtension */,
				830992331B7151A3007FCDAB /* CustomKeyboard */,
				830992431B7151BF007FCDAB /* DocumentProvider */,
				830992501B7151BF007FCDAB /* DocumentProviderFileProvider */,
				8309926C1B715343007FCDAB /* PhotoEditingExtension */,
				8309927E1B715353007FCDAB /* ShareExtension */,
				830992921B71535B007FCDAB /* TodayExtension */,
				830992671B715343007FCDAB /* Frameworks */,
				830991D11B7140C5007FCDAB /* Products */,
			);
			sourceTree = "<group>";
		};
		830991D11B7140C5007FCDAB /* Products */ = {
			isa = PBXGroup;
			children = (
				830991D01B7140C5007FCDAB /* KitchenSink.app */,
				830991E51B7140C5007FCDAB /* KitchenSinkTests.xctest */,
				830991F91B714128007FCDAB /* KitchenSink WatchKit Extension.appex */,
				830992061B714128007FCDAB /* KitchenSink WatchKit App.app */,
				830992201B714171007FCDAB /* ActionExtension.appex */,
				830992321B7151A3007FCDAB /* CustomKeyboard.appex */,
				830992421B7151BF007FCDAB /* DocumentProvider.appex */,
				8309924F1B7151BF007FCDAB /* DocumentProviderFileProvider.appex */,
				830992661B715343007FCDAB /* PhotoEditingExtension.appex */,
				8309927D1B715353007FCDAB /* ShareExtension.appex */,
				8309928F1B71535B007FCDAB /* TodayExtension.appex */,
			);
			name = Products;
			sourceTree = "<group>";
		};
		830991D21B7140C5007FCDAB /* KitchenSink */ = {
			isa = PBXGroup;
			children = (
				830991D51B7140C5007FCDAB /* AppDelegate.swift */,
				830991D71B7140C5007FCDAB /* ViewController.swift */,
				830991D91B7140C5007FCDAB /* Main.storyboard */,
				830991DC1B7140C5007FCDAB /* Images.xcassets */,
				830991DE1B7140C5007FCDAB /* LaunchScreen.xib */,
				830991D31B7140C5007FCDAB /* Supporting Files */,
			);
			path = KitchenSink;
			sourceTree = "<group>";
		};
		830991D31B7140C5007FCDAB /* Supporting Files */ = {
			isa = PBXGroup;
			children = (
				830991D41B7140C5007FCDAB /* Info.plist */,
			);
			name = "Supporting Files";
			sourceTree = "<group>";
		};
		830991E81B7140C5007FCDAB /* KitchenSinkTests */ = {
			isa = PBXGroup;
			children = (
				830991EB1B7140C5007FCDAB /* KitchenSinkTests.swift */,
				830991E91B7140C5007FCDAB /* Supporting Files */,
			);
			path = KitchenSinkTests;
			sourceTree = "<group>";
		};
		830991E91B7140C5007FCDAB /* Supporting Files */ = {
			isa = PBXGroup;
			children = (
				830991EA1B7140C5007FCDAB /* Info.plist */,
			);
			name = "Supporting Files";
			sourceTree = "<group>";
		};
		830991FA1B714128007FCDAB /* KitchenSink WatchKit Extension */ = {
			isa = PBXGroup;
			children = (
				830991FE1B714128007FCDAB /* InterfaceController.swift */,
				830992001B714128007FCDAB /* NotificationController.swift */,
				830992021B714128007FCDAB /* Images.xcassets */,
				830991FB1B714128007FCDAB /* Supporting Files */,
			);
			path = "KitchenSink WatchKit Extension";
			sourceTree = "<group>";
		};
		830991FB1B714128007FCDAB /* Supporting Files */ = {
			isa = PBXGroup;
			children = (
				830991FC1B714128007FCDAB /* Info.plist */,
				830991FD1B714128007FCDAB /* PushNotificationPayload.apns */,
			);
			name = "Supporting Files";
			sourceTree = "<group>";
		};
		8309920A1B714128007FCDAB /* KitchenSink WatchKit App */ = {
			isa = PBXGroup;
			children = (
				8309920D1B714128007FCDAB /* Interface.storyboard */,
				830992101B714128007FCDAB /* Images.xcassets */,
				8309920B1B714128007FCDAB /* Supporting Files */,
			);
			path = "KitchenSink WatchKit App";
			sourceTree = "<group>";
		};
		8309920B1B714128007FCDAB /* Supporting Files */ = {
			isa = PBXGroup;
			children = (
				8309920C1B714128007FCDAB /* Info.plist */,
			);
			name = "Supporting Files";
			sourceTree = "<group>";
		};
		830992211B714171007FCDAB /* ActionExtension */ = {
			isa = PBXGroup;
			children = (
				830992241B714171007FCDAB /* ActionViewController.swift */,
				830992261B714171007FCDAB /* MainInterface.storyboard */,
				830992221B714171007FCDAB /* Supporting Files */,
			);
			path = ActionExtension;
			sourceTree = "<group>";
		};
		830992221B714171007FCDAB /* Supporting Files */ = {
			isa = PBXGroup;
			children = (
				830992231B714171007FCDAB /* Info.plist */,
			);
			name = "Supporting Files";
			sourceTree = "<group>";
		};
		830992331B7151A3007FCDAB /* CustomKeyboard */ = {
			isa = PBXGroup;
			children = (
				830992361B7151A3007FCDAB /* KeyboardViewController.swift */,
				830992341B7151A3007FCDAB /* Supporting Files */,
			);
			path = CustomKeyboard;
			sourceTree = "<group>";
		};
		830992341B7151A3007FCDAB /* Supporting Files */ = {
			isa = PBXGroup;
			children = (
				830992351B7151A3007FCDAB /* Info.plist */,
			);
			name = "Supporting Files";
			sourceTree = "<group>";
		};
		830992431B7151BF007FCDAB /* DocumentProvider */ = {
			isa = PBXGroup;
			children = (
				830992471B7151BF007FCDAB /* DocumentPickerViewController.swift */,
				830992491B7151BF007FCDAB /* MainInterface.storyboard */,
				830992441B7151BF007FCDAB /* Supporting Files */,
			);
			path = DocumentProvider;
			sourceTree = "<group>";
		};
		830992441B7151BF007FCDAB /* Supporting Files */ = {
			isa = PBXGroup;
			children = (
				830992451B7151BF007FCDAB /* Info.plist */,
				830992461B7151BF007FCDAB /* DocumentProvider.entitlements */,
			);
			name = "Supporting Files";
			sourceTree = "<group>";
		};
		830992501B7151BF007FCDAB /* DocumentProviderFileProvider */ = {
			isa = PBXGroup;
			children = (
				830992541B7151BF007FCDAB /* FileProvider.swift */,
				830992511B7151BF007FCDAB /* Supporting Files */,
			);
			path = DocumentProviderFileProvider;
			sourceTree = "<group>";
		};
		830992511B7151BF007FCDAB /* Supporting Files */ = {
			isa = PBXGroup;
			children = (
				830992521B7151BF007FCDAB /* Info.plist */,
				830992531B7151BF007FCDAB /* DocumentProviderFileProvider.entitlements */,
			);
			name = "Supporting Files";
			sourceTree = "<group>";
		};
		830992671B715343007FCDAB /* Frameworks */ = {
			isa = PBXGroup;
			children = (
				830992681B715343007FCDAB /* PhotosUI.framework */,
				8309926A1B715343007FCDAB /* Photos.framework */,
				830992901B71535B007FCDAB /* NotificationCenter.framework */,
			);
			name = Frameworks;
			sourceTree = "<group>";
		};
		8309926C1B715343007FCDAB /* PhotoEditingExtension */ = {
			isa = PBXGroup;
			children = (
				8309926F1B715343007FCDAB /* PhotoEditingViewController.swift */,
				830992711B715343007FCDAB /* MainInterface.storyboard */,
				8309926D1B715343007FCDAB /* Supporting Files */,
			);
			path = PhotoEditingExtension;
			sourceTree = "<group>";
		};
		8309926D1B715343007FCDAB /* Supporting Files */ = {
			isa = PBXGroup;
			children = (
				8309926E1B715343007FCDAB /* Info.plist */,
			);
			name = "Supporting Files";
			sourceTree = "<group>";
		};
		8309927E1B715353007FCDAB /* ShareExtension */ = {
			isa = PBXGroup;
			children = (
				830992811B715353007FCDAB /* ShareViewController.swift */,
				830992831B715353007FCDAB /* MainInterface.storyboard */,
				8309927F1B715353007FCDAB /* Supporting Files */,
			);
			path = ShareExtension;
			sourceTree = "<group>";
		};
		8309927F1B715353007FCDAB /* Supporting Files */ = {
			isa = PBXGroup;
			children = (
				830992801B715353007FCDAB /* Info.plist */,
			);
			name = "Supporting Files";
			sourceTree = "<group>";
		};
		830992921B71535B007FCDAB /* TodayExtension */ = {
			isa = PBXGroup;
			children = (
				830992951B71535B007FCDAB /* TodayViewController.swift */,
				830992971B71535B007FCDAB /* MainInterface.storyboard */,
				830992931B71535B007FCDAB /* Supporting Files */,
			);
			path = TodayExtension;
			sourceTree = "<group>";
		};
		830992931B71535B007FCDAB /* Supporting Files */ = {
			isa = PBXGroup;
			children = (
				830992941B71535B007FCDAB /* Info.plist */,
			);
			name = "Supporting Files";
			sourceTree = "<group>";
		};
/* End PBXGroup section */

/* Begin PBXNativeTarget section */
		830991CF1B7140C5007FCDAB /* KitchenSink */ = {
			isa = PBXNativeTarget;
			buildConfigurationList = 830991EF1B7140C5007FCDAB /* Build configuration list for PBXNativeTarget "KitchenSink" */;
			buildPhases = (
				830991CC1B7140C5007FCDAB /* Sources */,
				830991CD1B7140C5007FCDAB /* Frameworks */,
				830991CE1B7140C5007FCDAB /* Resources */,
				8309921B1B714128007FCDAB /* Embed App Extensions */,
			);
			buildRules = (
			);
			dependencies = (
				830992131B714128007FCDAB /* PBXTargetDependency */,
				830992291B714171007FCDAB /* PBXTargetDependency */,
				830992391B7151A3007FCDAB /* PBXTargetDependency */,
				830992571B7151BF007FCDAB /* PBXTargetDependency */,
				8309925A1B7151BF007FCDAB /* PBXTargetDependency */,
				830992741B715343007FCDAB /* PBXTargetDependency */,
				830992861B715353007FCDAB /* PBXTargetDependency */,
				8309929A1B71535B007FCDAB /* PBXTargetDependency */,
			);
			name = KitchenSink;
			productName = KitchenSink;
			productReference = 830991D01B7140C5007FCDAB /* KitchenSink.app */;
			productType = "com.apple.product-type.application";
		};
		830991E41B7140C5007FCDAB /* KitchenSinkTests */ = {
			isa = PBXNativeTarget;
			buildConfigurationList = 830991F21B7140C5007FCDAB /* Build configuration list for PBXNativeTarget "KitchenSinkTests" */;
			buildPhases = (
				830991E11B7140C5007FCDAB /* Sources */,
				830991E21B7140C5007FCDAB /* Frameworks */,
				830991E31B7140C5007FCDAB /* Resources */,
			);
			buildRules = (
			);
			dependencies = (
				830991E71B7140C5007FCDAB /* PBXTargetDependency */,
			);
			name = KitchenSinkTests;
			productName = KitchenSinkTests;
			productReference = 830991E51B7140C5007FCDAB /* KitchenSinkTests.xctest */;
			productType = "com.apple.product-type.bundle.unit-test";
		};
		830991F81B714128007FCDAB /* KitchenSink WatchKit Extension */ = {
			isa = PBXNativeTarget;
			buildConfigurationList = 830992181B714128007FCDAB /* Build configuration list for PBXNativeTarget "KitchenSink WatchKit Extension" */;
			buildPhases = (
				830991F51B714128007FCDAB /* Sources */,
				830991F61B714128007FCDAB /* Frameworks */,
				830991F71B714128007FCDAB /* Resources */,
			);
			buildRules = (
			);
			dependencies = (
				830992091B714128007FCDAB /* PBXTargetDependency */,
			);
			name = "KitchenSink WatchKit Extension";
			productName = "KitchenSink WatchKit Extension";
			productReference = 830991F91B714128007FCDAB /* KitchenSink WatchKit Extension.appex */;
			productType = "com.apple.product-type.watchkit-extension";
		};
		830992051B714128007FCDAB /* KitchenSink WatchKit App */ = {
			isa = PBXNativeTarget;
			buildConfigurationList = 830992151B714128007FCDAB /* Build configuration list for PBXNativeTarget "KitchenSink WatchKit App" */;
			buildPhases = (
				830992041B714128007FCDAB /* Resources */,
			);
			buildRules = (
			);
			dependencies = (
			);
			name = "KitchenSink WatchKit App";
			productName = "KitchenSink WatchKit App";
			productReference = 830992061B714128007FCDAB /* KitchenSink WatchKit App.app */;
			productType = "com.apple.product-type.application.watchapp";
		};
		8309921F1B714171007FCDAB /* ActionExtension */ = {
			isa = PBXNativeTarget;
			buildConfigurationList = 8309922B1B714171007FCDAB /* Build configuration list for PBXNativeTarget "ActionExtension" */;
			buildPhases = (
				8309921C1B714171007FCDAB /* Sources */,
				8309921D1B714171007FCDAB /* Frameworks */,
				8309921E1B714171007FCDAB /* Resources */,
			);
			buildRules = (
			);
			dependencies = (
			);
			name = ActionExtension;
			productName = ActionExtension;
			productReference = 830992201B714171007FCDAB /* ActionExtension.appex */;
			productType = "com.apple.product-type.app-extension";
		};
		830992311B7151A3007FCDAB /* CustomKeyboard */ = {
			isa = PBXNativeTarget;
			buildConfigurationList = 8309923B1B7151A3007FCDAB /* Build configuration list for PBXNativeTarget "CustomKeyboard" */;
			buildPhases = (
				8309922E1B7151A3007FCDAB /* Sources */,
				8309922F1B7151A3007FCDAB /* Frameworks */,
				830992301B7151A3007FCDAB /* Resources */,
			);
			buildRules = (
			);
			dependencies = (
			);
			name = CustomKeyboard;
			productName = CustomKeyboard;
			productReference = 830992321B7151A3007FCDAB /* CustomKeyboard.appex */;
			productType = "com.apple.product-type.app-extension";
		};
		830992411B7151BF007FCDAB /* DocumentProvider */ = {
			isa = PBXNativeTarget;
			buildConfigurationList = 8309925F1B7151BF007FCDAB /* Build configuration list for PBXNativeTarget "DocumentProvider" */;
			buildPhases = (
				8309923E1B7151BF007FCDAB /* Sources */,
				8309923F1B7151BF007FCDAB /* Frameworks */,
				830992401B7151BF007FCDAB /* Resources */,
			);
			buildRules = (
			);
			dependencies = (
			);
			name = DocumentProvider;
			productName = DocumentProvider;
			productReference = 830992421B7151BF007FCDAB /* DocumentProvider.appex */;
			productType = "com.apple.product-type.app-extension";
		};
		8309924E1B7151BF007FCDAB /* DocumentProviderFileProvider */ = {
			isa = PBXNativeTarget;
			buildConfigurationList = 8309925C1B7151BF007FCDAB /* Build configuration list for PBXNativeTarget "DocumentProviderFileProvider" */;
			buildPhases = (
				8309924B1B7151BF007FCDAB /* Sources */,
				8309924C1B7151BF007FCDAB /* Frameworks */,
				8309924D1B7151BF007FCDAB /* Resources */,
			);
			buildRules = (
			);
			dependencies = (
			);
			name = DocumentProviderFileProvider;
			productName = DocumentProviderFileProvider;
			productReference = 8309924F1B7151BF007FCDAB /* DocumentProviderFileProvider.appex */;
			productType = "com.apple.product-type.app-extension";
		};
		830992651B715343007FCDAB /* PhotoEditingExtension */ = {
			isa = PBXNativeTarget;
			buildConfigurationList = 830992761B715343007FCDAB /* Build configuration list for PBXNativeTarget "PhotoEditingExtension" */;
			buildPhases = (
				830992621B715343007FCDAB /* Sources */,
				830992631B715343007FCDAB /* Frameworks */,
				830992641B715343007FCDAB /* Resources */,
			);
			buildRules = (
			);
			dependencies = (
			);
			name = PhotoEditingExtension;
			productName = PhotoEditingExtension;
			productReference = 830992661B715343007FCDAB /* PhotoEditingExtension.appex */;
			productType = "com.apple.product-type.app-extension";
		};
		8309927C1B715353007FCDAB /* ShareExtension */ = {
			isa = PBXNativeTarget;
			buildConfigurationList = 830992881B715353007FCDAB /* Build configuration list for PBXNativeTarget "ShareExtension" */;
			buildPhases = (
				830992791B715353007FCDAB /* Sources */,
				8309927A1B715353007FCDAB /* Frameworks */,
				8309927B1B715353007FCDAB /* Resources */,
			);
			buildRules = (
			);
			dependencies = (
			);
			name = ShareExtension;
			productName = ShareExtension;
			productReference = 8309927D1B715353007FCDAB /* ShareExtension.appex */;
			productType = "com.apple.product-type.app-extension";
		};
		8309928E1B71535B007FCDAB /* TodayExtension */ = {
			isa = PBXNativeTarget;
			buildConfigurationList = 8309929C1B71535B007FCDAB /* Build configuration list for PBXNativeTarget "TodayExtension" */;
			buildPhases = (
				8309928B1B71535B007FCDAB /* Sources */,
				8309928C1B71535B007FCDAB /* Frameworks */,
				8309928D1B71535B007FCDAB /* Resources */,
			);
			buildRules = (
			);
			dependencies = (
			);
			name = TodayExtension;
			productName = TodayExtension;
			productReference = 8309928F1B71535B007FCDAB /* TodayExtension.appex */;
			productType = "com.apple.product-type.app-extension";
		};
/* End PBXNativeTarget section */

/* Begin PBXProject section */
		830991C81B7140C5007FCDAB /* Project object */ = {
			isa = PBXProject;
			attributes = {
				LastUpgradeCheck = 0640;
				ORGANIZATIONNAME = BB;
				TargetAttributes = {
					830991CF1B7140C5007FCDAB = {
						CreatedOnToolsVersion = 6.4;
					};
					830991E41B7140C5007FCDAB = {
						CreatedOnToolsVersion = 6.4;
						TestTargetID = 830991CF1B7140C5007FCDAB;
					};
					830991F81B714128007FCDAB = {
						CreatedOnToolsVersion = 6.4;
					};
					830992051B714128007FCDAB = {
						CreatedOnToolsVersion = 6.4;
					};
					8309921F1B714171007FCDAB = {
						CreatedOnToolsVersion = 6.4;
					};
					830992311B7151A3007FCDAB = {
						CreatedOnToolsVersion = 6.4;
					};
					830992411B7151BF007FCDAB = {
						CreatedOnToolsVersion = 6.4;
					};
					8309924E1B7151BF007FCDAB = {
						CreatedOnToolsVersion = 6.4;
					};
					830992651B715343007FCDAB = {
						CreatedOnToolsVersion = 6.4;
					};
					8309927C1B715353007FCDAB = {
						CreatedOnToolsVersion = 6.4;
					};
					8309928E1B71535B007FCDAB = {
						CreatedOnToolsVersion = 6.4;
					};
				};
			};
			buildConfigurationList = 830991CB1B7140C5007FCDAB /* Build configuration list for PBXProject "KitchenSink" */;
			compatibilityVersion = "Xcode 3.2";
			developmentRegion = English;
			hasScannedForEncodings = 0;
			knownRegions = (
				en,
				Base,
			);
			mainGroup = 830991C71B7140C5007FCDAB;
			productRefGroup = 830991D11B7140C5007FCDAB /* Products */;
			projectDirPath = "";
			projectRoot = "";
			targets = (
				830991CF1B7140C5007FCDAB /* KitchenSink */,
				830991E41B7140C5007FCDAB /* KitchenSinkTests */,
				830991F81B714128007FCDAB /* KitchenSink WatchKit Extension */,
				830992051B714128007FCDAB /* KitchenSink WatchKit App */,
				8309921F1B714171007FCDAB /* ActionExtension */,
				830992311B7151A3007FCDAB /* CustomKeyboard */,
				830992411B7151BF007FCDAB /* DocumentProvider */,
				8309924E1B7151BF007FCDAB /* DocumentProviderFileProvider */,
				830992651B715343007FCDAB /* PhotoEditingExtension */,
				8309927C1B715353007FCDAB /* ShareExtension */,
				8309928E1B71535B007FCDAB /* TodayExtension */,
			);
		};
/* End PBXProject section */

/* Begin PBXResourcesBuildPhase section */
		830991CE1B7140C5007FCDAB /* Resources */ = {
			isa = PBXResourcesBuildPhase;
			buildActionMask = 2147483647;
			files = (
				830991DB1B7140C5007FCDAB /* Main.storyboard in Resources */,
				830991E01B7140C5007FCDAB /* LaunchScreen.xib in Resources */,
				830991DD1B7140C5007FCDAB /* Images.xcassets in Resources */,
			);
			runOnlyForDeploymentPostprocessing = 0;
		};
		830991E31B7140C5007FCDAB /* Resources */ = {
			isa = PBXResourcesBuildPhase;
			buildActionMask = 2147483647;
			files = (
			);
			runOnlyForDeploymentPostprocessing = 0;
		};
		830991F71B714128007FCDAB /* Resources */ = {
			isa = PBXResourcesBuildPhase;
			buildActionMask = 2147483647;
			files = (
				830992071B714128007FCDAB /* KitchenSink WatchKit App.app in Resources */,
				830992031B714128007FCDAB /* Images.xcassets in Resources */,
			);
			runOnlyForDeploymentPostprocessing = 0;
		};
		830992041B714128007FCDAB /* Resources */ = {
			isa = PBXResourcesBuildPhase;
			buildActionMask = 2147483647;
			files = (
				8309920F1B714128007FCDAB /* Interface.storyboard in Resources */,
				830992111B714128007FCDAB /* Images.xcassets in Resources */,
			);
			runOnlyForDeploymentPostprocessing = 0;
		};
		8309921E1B714171007FCDAB /* Resources */ = {
			isa = PBXResourcesBuildPhase;
			buildActionMask = 2147483647;
			files = (
				830992271B714171007FCDAB /* MainInterface.storyboard in Resources */,
			);
			runOnlyForDeploymentPostprocessing = 0;
		};
		830992301B7151A3007FCDAB /* Resources */ = {
			isa = PBXResourcesBuildPhase;
			buildActionMask = 2147483647;
			files = (
			);
			runOnlyForDeploymentPostprocessing = 0;
		};
		830992401B7151BF007FCDAB /* Resources */ = {
			isa = PBXResourcesBuildPhase;
			buildActionMask = 2147483647;
			files = (
				8309924A1B7151BF007FCDAB /* MainInterface.storyboard in Resources */,
			);
			runOnlyForDeploymentPostprocessing = 0;
		};
		8309924D1B7151BF007FCDAB /* Resources */ = {
			isa = PBXResourcesBuildPhase;
			buildActionMask = 2147483647;
			files = (
			);
			runOnlyForDeploymentPostprocessing = 0;
		};
		830992641B715343007FCDAB /* Resources */ = {
			isa = PBXResourcesBuildPhase;
			buildActionMask = 2147483647;
			files = (
				830992721B715343007FCDAB /* MainInterface.storyboard in Resources */,
			);
			runOnlyForDeploymentPostprocessing = 0;
		};
		8309927B1B715353007FCDAB /* Resources */ = {
			isa = PBXResourcesBuildPhase;
			buildActionMask = 2147483647;
			files = (
				830992841B715353007FCDAB /* MainInterface.storyboard in Resources */,
			);
			runOnlyForDeploymentPostprocessing = 0;
		};
		8309928D1B71535B007FCDAB /* Resources */ = {
			isa = PBXResourcesBuildPhase;
			buildActionMask = 2147483647;
			files = (
				830992981B71535B007FCDAB /* MainInterface.storyboard in Resources */,
			);
			runOnlyForDeploymentPostprocessing = 0;
		};
/* End PBXResourcesBuildPhase section */

/* Begin PBXSourcesBuildPhase section */
		830991CC1B7140C5007FCDAB /* Sources */ = {
			isa = PBXSourcesBuildPhase;
			buildActionMask = 2147483647;
			files = (
				830991D81B7140C5007FCDAB /* ViewController.swift in Sources */,
				830991D61B7140C5007FCDAB /* AppDelegate.swift in Sources */,
			);
			runOnlyForDeploymentPostprocessing = 0;
		};
		830991E11B7140C5007FCDAB /* Sources */ = {
			isa = PBXSourcesBuildPhase;
			buildActionMask = 2147483647;
			files = (
				830991EC1B7140C5007FCDAB /* KitchenSinkTests.swift in Sources */,
			);
			runOnlyForDeploymentPostprocessing = 0;
		};
		830991F51B714128007FCDAB /* Sources */ = {
			isa = PBXSourcesBuildPhase;
			buildActionMask = 2147483647;
			files = (
				830992011B714128007FCDAB /* NotificationController.swift in Sources */,
				830991FF1B714128007FCDAB /* InterfaceController.swift in Sources */,
			);
			runOnlyForDeploymentPostprocessing = 0;
		};
		8309921C1B714171007FCDAB /* Sources */ = {
			isa = PBXSourcesBuildPhase;
			buildActionMask = 2147483647;
			files = (
				830992251B714171007FCDAB /* ActionViewController.swift in Sources */,
			);
			runOnlyForDeploymentPostprocessing = 0;
		};
		8309922E1B7151A3007FCDAB /* Sources */ = {
			isa = PBXSourcesBuildPhase;
			buildActionMask = 2147483647;
			files = (
				830992371B7151A3007FCDAB /* KeyboardViewController.swift in Sources */,
			);
			runOnlyForDeploymentPostprocessing = 0;
		};
		8309923E1B7151BF007FCDAB /* Sources */ = {
			isa = PBXSourcesBuildPhase;
			buildActionMask = 2147483647;
			files = (
				830992481B7151BF007FCDAB /* DocumentPickerViewController.swift in Sources */,
			);
			runOnlyForDeploymentPostprocessing = 0;
		};
		8309924B1B7151BF007FCDAB /* Sources */ = {
			isa = PBXSourcesBuildPhase;
			buildActionMask = 2147483647;
			files = (
				830992551B7151BF007FCDAB /* FileProvider.swift in Sources */,
			);
			runOnlyForDeploymentPostprocessing = 0;
		};
		830992621B715343007FCDAB /* Sources */ = {
			isa = PBXSourcesBuildPhase;
			buildActionMask = 2147483647;
			files = (
				830992701B715343007FCDAB /* PhotoEditingViewController.swift in Sources */,
			);
			runOnlyForDeploymentPostprocessing = 0;
		};
		830992791B715353007FCDAB /* Sources */ = {
			isa = PBXSourcesBuildPhase;
			buildActionMask = 2147483647;
			files = (
				830992821B715353007FCDAB /* ShareViewController.swift in Sources */,
			);
			runOnlyForDeploymentPostprocessing = 0;
		};
		8309928B1B71535B007FCDAB /* Sources */ = {
			isa = PBXSourcesBuildPhase;
			buildActionMask = 2147483647;
			files = (
				830992961B71535B007FCDAB /* TodayViewController.swift in Sources */,
			);
			runOnlyForDeploymentPostprocessing = 0;
		};
/* End PBXSourcesBuildPhase section */

/* Begin PBXTargetDependency section */
		830991E71B7140C5007FCDAB /* PBXTargetDependency */ = {
			isa = PBXTargetDependency;
			target = 830991CF1B7140C5007FCDAB /* KitchenSink */;
			targetProxy = 830991E61B7140C5007FCDAB /* PBXContainerItemProxy */;
		};
		830992091B714128007FCDAB /* PBXTargetDependency */ = {
			isa = PBXTargetDependency;
			target = 830992051B714128007FCDAB /* KitchenSink WatchKit App */;
			targetProxy = 830992081B714128007FCDAB /* PBXContainerItemProxy */;
		};
		830992131B714128007FCDAB /* PBXTargetDependency */ = {
			isa = PBXTargetDependency;
			target = 830991F81B714128007FCDAB /* KitchenSink WatchKit Extension */;
			targetProxy = 830992121B714128007FCDAB /* PBXContainerItemProxy */;
		};
		830992291B714171007FCDAB /* PBXTargetDependency */ = {
			isa = PBXTargetDependency;
			target = 8309921F1B714171007FCDAB /* ActionExtension */;
			targetProxy = 830992281B714171007FCDAB /* PBXContainerItemProxy */;
		};
		830992391B7151A3007FCDAB /* PBXTargetDependency */ = {
			isa = PBXTargetDependency;
			target = 830992311B7151A3007FCDAB /* CustomKeyboard */;
			targetProxy = 830992381B7151A3007FCDAB /* PBXContainerItemProxy */;
		};
		830992571B7151BF007FCDAB /* PBXTargetDependency */ = {
			isa = PBXTargetDependency;
			target = 8309924E1B7151BF007FCDAB /* DocumentProviderFileProvider */;
			targetProxy = 830992561B7151BF007FCDAB /* PBXContainerItemProxy */;
		};
		8309925A1B7151BF007FCDAB /* PBXTargetDependency */ = {
			isa = PBXTargetDependency;
			target = 830992411B7151BF007FCDAB /* DocumentProvider */;
			targetProxy = 830992591B7151BF007FCDAB /* PBXContainerItemProxy */;
		};
		830992741B715343007FCDAB /* PBXTargetDependency */ = {
			isa = PBXTargetDependency;
			target = 830992651B715343007FCDAB /* PhotoEditingExtension */;
			targetProxy = 830992731B715343007FCDAB /* PBXContainerItemProxy */;
		};
		830992861B715353007FCDAB /* PBXTargetDependency */ = {
			isa = PBXTargetDependency;
			target = 8309927C1B715353007FCDAB /* ShareExtension */;
			targetProxy = 830992851B715353007FCDAB /* PBXContainerItemProxy */;
		};
		8309929A1B71535B007FCDAB /* PBXTargetDependency */ = {
			isa = PBXTargetDependency;
			target = 8309928E1B71535B007FCDAB /* TodayExtension */;
			targetProxy = 830992991B71535B007FCDAB /* PBXContainerItemProxy */;
		};
/* End PBXTargetDependency section */

/* Begin PBXVariantGroup section */
		830991D91B7140C5007FCDAB /* Main.storyboard */ = {
			isa = PBXVariantGroup;
			children = (
				830991DA1B7140C5007FCDAB /* Base */,
			);
			name = Main.storyboard;
			sourceTree = "<group>";
		};
		830991DE1B7140C5007FCDAB /* LaunchScreen.xib */ = {
			isa = PBXVariantGroup;
			children = (
				830991DF1B7140C5007FCDAB /* Base */,
			);
			name = LaunchScreen.xib;
			sourceTree = "<group>";
		};
		8309920D1B714128007FCDAB /* Interface.storyboard */ = {
			isa = PBXVariantGroup;
			children = (
				8309920E1B714128007FCDAB /* Base */,
			);
			name = Interface.storyboard;
			sourceTree = "<group>";
		};
/* End PBXVariantGroup section */

/* Begin XCBuildConfiguration section */
		830991ED1B7140C5007FCDAB /* Debug */ = {
			isa = XCBuildConfiguration;
			buildSettings = {
				ALWAYS_SEARCH_USER_PATHS = NO;
				CLANG_CXX_LANGUAGE_STANDARD = "gnu++0x";
				CLANG_CXX_LIBRARY = "libc++";
				CLANG_ENABLE_MODULES = YES;
				CLANG_ENABLE_OBJC_ARC = YES;
				CLANG_WARN_BOOL_CONVERSION = YES;
				CLANG_WARN_CONSTANT_CONVERSION = YES;
				CLANG_WARN_DIRECT_OBJC_ISA_USAGE = YES_ERROR;
				CLANG_WARN_EMPTY_BODY = YES;
				CLANG_WARN_ENUM_CONVERSION = YES;
				CLANG_WARN_INT_CONVERSION = YES;
				CLANG_WARN_OBJC_ROOT_CLASS = YES_ERROR;
				CLANG_WARN_UNREACHABLE_CODE = YES;
				CLANG_WARN__DUPLICATE_METHOD_MATCH = YES;
				"CODE_SIGN_IDENTITY[sdk=iphoneos*]" = "iPhone Developer";
				COPY_PHASE_STRIP = NO;
				DEBUG_INFORMATION_FORMAT = "dwarf-with-dsym";
				ENABLE_STRICT_OBJC_MSGSEND = YES;
				GCC_C_LANGUAGE_STANDARD = gnu99;
				GCC_DYNAMIC_NO_PIC = NO;
				GCC_NO_COMMON_BLOCKS = YES;
				GCC_OPTIMIZATION_LEVEL = 0;
				GCC_PREPROCESSOR_DEFINITIONS = (
					"DEBUG=1",
					"$(inherited)",
				);
				GCC_SYMBOLS_PRIVATE_EXTERN = NO;
				GCC_WARN_64_TO_32_BIT_CONVERSION = YES;
				GCC_WARN_ABOUT_RETURN_TYPE = YES_ERROR;
				GCC_WARN_UNDECLARED_SELECTOR = YES;
				GCC_WARN_UNINITIALIZED_AUTOS = YES_AGGRESSIVE;
				GCC_WARN_UNUSED_FUNCTION = YES;
				GCC_WARN_UNUSED_VARIABLE = YES;
				IPHONEOS_DEPLOYMENT_TARGET = 8.4;
				MTL_ENABLE_DEBUG_INFO = YES;
				ONLY_ACTIVE_ARCH = YES;
				SDKROOT = iphoneos;
				SWIFT_OPTIMIZATION_LEVEL = "-Onone";
				TARGETED_DEVICE_FAMILY = "1,2";
			};
			name = Debug;
		};
		830991EE1B7140C5007FCDAB /* Release */ = {
			isa = XCBuildConfiguration;
			buildSettings = {
				ALWAYS_SEARCH_USER_PATHS = NO;
				CLANG_CXX_LANGUAGE_STANDARD = "gnu++0x";
				CLANG_CXX_LIBRARY = "libc++";
				CLANG_ENABLE_MODULES = YES;
				CLANG_ENABLE_OBJC_ARC = YES;
				CLANG_WARN_BOOL_CONVERSION = YES;
				CLANG_WARN_CONSTANT_CONVERSION = YES;
				CLANG_WARN_DIRECT_OBJC_ISA_USAGE = YES_ERROR;
				CLANG_WARN_EMPTY_BODY = YES;
				CLANG_WARN_ENUM_CONVERSION = YES;
				CLANG_WARN_INT_CONVERSION = YES;
				CLANG_WARN_OBJC_ROOT_CLASS = YES_ERROR;
				CLANG_WARN_UNREACHABLE_CODE = YES;
				CLANG_WARN__DUPLICATE_METHOD_MATCH = YES;
				"CODE_SIGN_IDENTITY[sdk=iphoneos*]" = "iPhone Developer";
				COPY_PHASE_STRIP = NO;
				DEBUG_INFORMATION_FORMAT = "dwarf-with-dsym";
				ENABLE_NS_ASSERTIONS = NO;
				ENABLE_STRICT_OBJC_MSGSEND = YES;
				GCC_C_LANGUAGE_STANDARD = gnu99;
				GCC_NO_COMMON_BLOCKS = YES;
				GCC_WARN_64_TO_32_BIT_CONVERSION = YES;
				GCC_WARN_ABOUT_RETURN_TYPE = YES_ERROR;
				GCC_WARN_UNDECLARED_SELECTOR = YES;
				GCC_WARN_UNINITIALIZED_AUTOS = YES_AGGRESSIVE;
				GCC_WARN_UNUSED_FUNCTION = YES;
				GCC_WARN_UNUSED_VARIABLE = YES;
				IPHONEOS_DEPLOYMENT_TARGET = 8.4;
				MTL_ENABLE_DEBUG_INFO = NO;
				SDKROOT = iphoneos;
				TARGETED_DEVICE_FAMILY = "1,2";
				VALIDATE_PRODUCT = YES;
			};
			name = Release;
		};
		830991F01B7140C5007FCDAB /* Debug */ = {
			isa = XCBuildConfiguration;
			buildSettings = {
				ASSETCATALOG_COMPILER_APPICON_NAME = AppIcon;
				INFOPLIST_FILE = KitchenSink/Info.plist;
				LD_RUNPATH_SEARCH_PATHS = "$(inherited) @executable_path/Frameworks";
				PRODUCT_NAME = "$(TARGET_NAME)";
				PROVISIONING_PROFILE = "96eeb358-4d45-4e9e-9553-e5313e76180b";
			};
			name = Debug;
		};
		830991F11B7140C5007FCDAB /* Release */ = {
			isa = XCBuildConfiguration;
			buildSettings = {
				ASSETCATALOG_COMPILER_APPICON_NAME = AppIcon;
				INFOPLIST_FILE = KitchenSink/Info.plist;
				LD_RUNPATH_SEARCH_PATHS = "$(inherited) @executable_path/Frameworks";
				PRODUCT_NAME = "$(TARGET_NAME)";
				PROVISIONING_PROFILE = "96eeb358-4d45-4e9e-9553-e5313e76180b";
			};
			name = Release;
		};
		830991F31B7140C5007FCDAB /* Debug */ = {
			isa = XCBuildConfiguration;
			buildSettings = {
				BUNDLE_LOADER = "$(TEST_HOST)";
				FRAMEWORK_SEARCH_PATHS = (
					"$(SDKROOT)/Developer/Library/Frameworks",
					"$(inherited)",
				);
				GCC_PREPROCESSOR_DEFINITIONS = (
					"DEBUG=1",
					"$(inherited)",
				);
				INFOPLIST_FILE = KitchenSinkTests/Info.plist;
				LD_RUNPATH_SEARCH_PATHS = "$(inherited) @executable_path/Frameworks @loader_path/Frameworks";
				PRODUCT_NAME = "$(TARGET_NAME)";
				TEST_HOST = "$(BUILT_PRODUCTS_DIR)/KitchenSink.app/KitchenSink";
			};
			name = Debug;
		};
		830991F41B7140C5007FCDAB /* Release */ = {
			isa = XCBuildConfiguration;
			buildSettings = {
				BUNDLE_LOADER = "$(TEST_HOST)";
				FRAMEWORK_SEARCH_PATHS = (
					"$(SDKROOT)/Developer/Library/Frameworks",
					"$(inherited)",
				);
				INFOPLIST_FILE = KitchenSinkTests/Info.plist;
				LD_RUNPATH_SEARCH_PATHS = "$(inherited) @executable_path/Frameworks @loader_path/Frameworks";
				PRODUCT_NAME = "$(TARGET_NAME)";
				TEST_HOST = "$(BUILT_PRODUCTS_DIR)/KitchenSink.app/KitchenSink";
			};
			name = Release;
		};
		830992161B714128007FCDAB /* Debug */ = {
			isa = XCBuildConfiguration;
			buildSettings = {
				ASSETCATALOG_COMPILER_APPICON_NAME = AppIcon;
				GCC_PREPROCESSOR_DEFINITIONS = (
					"DEBUG=1",
					"$(inherited)",
				);
				IBSC_MODULE = KitchenSink_WatchKit_Extension;
				INFOPLIST_FILE = "KitchenSink WatchKit App/Info.plist";
				IPHONEOS_DEPLOYMENT_TARGET = 8.2;
				PRODUCT_NAME = "$(TARGET_NAME)";
				PROVISIONING_PROFILE = "3b83cd70-b29c-4292-835c-cadbf466a965";
				SKIP_INSTALL = YES;
				TARGETED_DEVICE_FAMILY = 4;
				"TARGETED_DEVICE_FAMILY[sdk=iphonesimulator*]" = "1,4";
			};
			name = Debug;
		};
		830992171B714128007FCDAB /* Release */ = {
			isa = XCBuildConfiguration;
			buildSettings = {
				ASSETCATALOG_COMPILER_APPICON_NAME = AppIcon;
				IBSC_MODULE = KitchenSink_WatchKit_Extension;
				INFOPLIST_FILE = "KitchenSink WatchKit App/Info.plist";
				IPHONEOS_DEPLOYMENT_TARGET = 8.2;
				PRODUCT_NAME = "$(TARGET_NAME)";
				PROVISIONING_PROFILE = "3b83cd70-b29c-4292-835c-cadbf466a965";
				SKIP_INSTALL = YES;
				TARGETED_DEVICE_FAMILY = 4;
				"TARGETED_DEVICE_FAMILY[sdk=iphonesimulator*]" = "1,4";
			};
			name = Release;
		};
		830992191B714128007FCDAB /* Debug */ = {
			isa = XCBuildConfiguration;
			buildSettings = {
				GCC_PREPROCESSOR_DEFINITIONS = (
					"DEBUG=1",
					"$(inherited)",
				);
				INFOPLIST_FILE = "KitchenSink WatchKit Extension/Info.plist";
				LD_RUNPATH_SEARCH_PATHS = "$(inherited) @executable_path/Frameworks @executable_path/../../Frameworks";
				PRODUCT_NAME = "${TARGET_NAME}";
				PROVISIONING_PROFILE = "ed2693ca-2df9-42f3-90d5-5db8a5b38e2e";
				SKIP_INSTALL = YES;
			};
			name = Debug;
		};
		8309921A1B714128007FCDAB /* Release */ = {
			isa = XCBuildConfiguration;
			buildSettings = {
				INFOPLIST_FILE = "KitchenSink WatchKit Extension/Info.plist";
				LD_RUNPATH_SEARCH_PATHS = "$(inherited) @executable_path/Frameworks @executable_path/../../Frameworks";
				PRODUCT_NAME = "${TARGET_NAME}";
				PROVISIONING_PROFILE = "ed2693ca-2df9-42f3-90d5-5db8a5b38e2e";
				SKIP_INSTALL = YES;
			};
			name = Release;
		};
		8309922C1B714171007FCDAB /* Debug */ = {
			isa = XCBuildConfiguration;
			buildSettings = {
				GCC_PREPROCESSOR_DEFINITIONS = (
					"DEBUG=1",
					"$(inherited)",
				);
				INFOPLIST_FILE = ActionExtension/Info.plist;
				LD_RUNPATH_SEARCH_PATHS = "$(inherited) @executable_path/Frameworks @executable_path/../../Frameworks";
				PRODUCT_NAME = "$(TARGET_NAME)";
				PROVISIONING_PROFILE = "6144e606-1bf1-4dea-8dfd-9ddfdbd4ff3b";
				SKIP_INSTALL = YES;
			};
			name = Debug;
		};
		8309922D1B714171007FCDAB /* Release */ = {
			isa = XCBuildConfiguration;
			buildSettings = {
				INFOPLIST_FILE = ActionExtension/Info.plist;
				LD_RUNPATH_SEARCH_PATHS = "$(inherited) @executable_path/Frameworks @executable_path/../../Frameworks";
				PRODUCT_NAME = "$(TARGET_NAME)";
				PROVISIONING_PROFILE = "6144e606-1bf1-4dea-8dfd-9ddfdbd4ff3b";
				SKIP_INSTALL = YES;
			};
			name = Release;
		};
		8309923C1B7151A3007FCDAB /* Debug */ = {
			isa = XCBuildConfiguration;
			buildSettings = {
				GCC_PREPROCESSOR_DEFINITIONS = (
					"DEBUG=1",
					"$(inherited)",
				);
				INFOPLIST_FILE = CustomKeyboard/Info.plist;
				LD_RUNPATH_SEARCH_PATHS = "$(inherited) @executable_path/Frameworks @executable_path/../../Frameworks";
				PRODUCT_NAME = "$(TARGET_NAME)";
				PROVISIONING_PROFILE = "4a9be754-f4ed-46db-8ec4-9d4320593c08";
				SKIP_INSTALL = YES;
			};
			name = Debug;
		};
		8309923D1B7151A3007FCDAB /* Release */ = {
			isa = XCBuildConfiguration;
			buildSettings = {
				INFOPLIST_FILE = CustomKeyboard/Info.plist;
				LD_RUNPATH_SEARCH_PATHS = "$(inherited) @executable_path/Frameworks @executable_path/../../Frameworks";
				PRODUCT_NAME = "$(TARGET_NAME)";
				PROVISIONING_PROFILE = "4a9be754-f4ed-46db-8ec4-9d4320593c08";
				SKIP_INSTALL = YES;
			};
			name = Release;
		};
		8309925D1B7151BF007FCDAB /* Debug */ = {
			isa = XCBuildConfiguration;
			buildSettings = {
				CODE_SIGN_ENTITLEMENTS = DocumentProviderFileProvider/DocumentProviderFileProvider.entitlements;
				GCC_PREPROCESSOR_DEFINITIONS = (
					"DEBUG=1",
					"$(inherited)",
				);
				INFOPLIST_FILE = DocumentProviderFileProvider/Info.plist;
				LD_RUNPATH_SEARCH_PATHS = "$(inherited) @executable_path/Frameworks @executable_path/../../Frameworks";
				PRODUCT_NAME = "$(TARGET_NAME)";
				PROVISIONING_PROFILE = "be5ce5a2-d3ff-4849-9ae0-dc156d96781a";
				SKIP_INSTALL = YES;
			};
			name = Debug;
		};
		8309925E1B7151BF007FCDAB /* Release */ = {
			isa = XCBuildConfiguration;
			buildSettings = {
				CODE_SIGN_ENTITLEMENTS = DocumentProviderFileProvider/DocumentProviderFileProvider.entitlements;
				INFOPLIST_FILE = DocumentProviderFileProvider/Info.plist;
				LD_RUNPATH_SEARCH_PATHS = "$(inherited) @executable_path/Frameworks @executable_path/../../Frameworks";
				PRODUCT_NAME = "$(TARGET_NAME)";
				PROVISIONING_PROFILE = "be5ce5a2-d3ff-4849-9ae0-dc156d96781a";
				SKIP_INSTALL = YES;
			};
			name = Release;
		};
		830992601B7151BF007FCDAB /* Debug */ = {
			isa = XCBuildConfiguration;
			buildSettings = {
				CODE_SIGN_ENTITLEMENTS = DocumentProvider/DocumentProvider.entitlements;
				GCC_PREPROCESSOR_DEFINITIONS = (
					"DEBUG=1",
					"$(inherited)",
				);
				INFOPLIST_FILE = DocumentProvider/Info.plist;
				LD_RUNPATH_SEARCH_PATHS = "$(inherited) @executable_path/Frameworks @executable_path/../../Frameworks";
				PRODUCT_NAME = "$(TARGET_NAME)";
				PROVISIONING_PROFILE = "4fa8ee92-e257-402c-b0c2-9f5d98cc64cc";
				SKIP_INSTALL = YES;
			};
			name = Debug;
		};
		830992611B7151BF007FCDAB /* Release */ = {
			isa = XCBuildConfiguration;
			buildSettings = {
				CODE_SIGN_ENTITLEMENTS = DocumentProvider/DocumentProvider.entitlements;
				INFOPLIST_FILE = DocumentProvider/Info.plist;
				LD_RUNPATH_SEARCH_PATHS = "$(inherited) @executable_path/Frameworks @executable_path/../../Frameworks";
				PRODUCT_NAME = "$(TARGET_NAME)";
				PROVISIONING_PROFILE = "4fa8ee92-e257-402c-b0c2-9f5d98cc64cc";
				SKIP_INSTALL = YES;
			};
			name = Release;
		};
		830992771B715343007FCDAB /* Debug */ = {
			isa = XCBuildConfiguration;
			buildSettings = {
				GCC_PREPROCESSOR_DEFINITIONS = (
					"DEBUG=1",
					"$(inherited)",
				);
				INFOPLIST_FILE = PhotoEditingExtension/Info.plist;
				LD_RUNPATH_SEARCH_PATHS = "$(inherited) @executable_path/Frameworks @executable_path/../../Frameworks";
				PRODUCT_NAME = "$(TARGET_NAME)";
				PROVISIONING_PROFILE = "2a6f5d2c-4d66-469c-9557-589ea1ecbe2e";
				SKIP_INSTALL = YES;
			};
			name = Debug;
		};
		830992781B715343007FCDAB /* Release */ = {
			isa = XCBuildConfiguration;
			buildSettings = {
				INFOPLIST_FILE = PhotoEditingExtension/Info.plist;
				LD_RUNPATH_SEARCH_PATHS = "$(inherited) @executable_path/Frameworks @executable_path/../../Frameworks";
				PRODUCT_NAME = "$(TARGET_NAME)";
				PROVISIONING_PROFILE = "2a6f5d2c-4d66-469c-9557-589ea1ecbe2e";
				SKIP_INSTALL = YES;
			};
			name = Release;
		};
		830992891B715353007FCDAB /* Debug */ = {
			isa = XCBuildConfiguration;
			buildSettings = {
				GCC_PREPROCESSOR_DEFINITIONS = (
					"DEBUG=1",
					"$(inherited)",
				);
				INFOPLIST_FILE = ShareExtension/Info.plist;
				LD_RUNPATH_SEARCH_PATHS = "$(inherited) @executable_path/Frameworks @executable_path/../../Frameworks";
				PRODUCT_NAME = "$(TARGET_NAME)";
				PROVISIONING_PROFILE = "bc4583b8-313e-4e92-969f-ead0414632e9";
				SKIP_INSTALL = YES;
			};
			name = Debug;
		};
		8309928A1B715353007FCDAB /* Release */ = {
			isa = XCBuildConfiguration;
			buildSettings = {
				INFOPLIST_FILE = ShareExtension/Info.plist;
				LD_RUNPATH_SEARCH_PATHS = "$(inherited) @executable_path/Frameworks @executable_path/../../Frameworks";
				PRODUCT_NAME = "$(TARGET_NAME)";
				PROVISIONING_PROFILE = "bc4583b8-313e-4e92-969f-ead0414632e9";
				SKIP_INSTALL = YES;
			};
			name = Release;
		};
		8309929D1B71535B007FCDAB /* Debug */ = {
			isa = XCBuildConfiguration;
			buildSettings = {
				GCC_PREPROCESSOR_DEFINITIONS = (
					"DEBUG=1",
					"$(inherited)",
				);
				INFOPLIST_FILE = TodayExtension/Info.plist;
				LD_RUNPATH_SEARCH_PATHS = "$(inherited) @executable_path/Frameworks @executable_path/../../Frameworks";
				PRODUCT_NAME = "$(TARGET_NAME)";
				PROVISIONING_PROFILE = "0b2954d8-7866-4e7c-b4ae-b8bd2ab0391e";
				SKIP_INSTALL = YES;
			};
			name = Debug;
		};
		8309929E1B71535B007FCDAB /* Release */ = {
			isa = XCBuildConfiguration;
			buildSettings = {
				INFOPLIST_FILE = TodayExtension/Info.plist;
				LD_RUNPATH_SEARCH_PATHS = "$(inherited) @executable_path/Frameworks @executable_path/../../Frameworks";
				PRODUCT_NAME = "$(TARGET_NAME)";
				PROVISIONING_PROFILE = "0b2954d8-7866-4e7c-b4ae-b8bd2ab0391e";
				SKIP_INSTALL = YES;
			};
			name = Release;
		};
/* End XCBuildConfiguration section */

/* Begin XCConfigurationList section */
		830991CB1B7140C5007FCDAB /* Build configuration list for PBXProject "KitchenSink" */ = {
			isa = XCConfigurationList;
			buildConfigurations = (
				830991ED1B7140C5007FCDAB /* Debug */,
				830991EE1B7140C5007FCDAB /* Release */,
			);
			defaultConfigurationIsVisible = 0;
			defaultConfigurationName = Release;
		};
		830991EF1B7140C5007FCDAB /* Build configuration list for PBXNativeTarget "KitchenSink" */ = {
			isa = XCConfigurationList;
			buildConfigurations = (
				830991F01B7140C5007FCDAB /* Debug */,
				830991F11B7140C5007FCDAB /* Release */,
			);
			defaultConfigurationIsVisible = 0;
		};
		830991F21B7140C5007FCDAB /* Build configuration list for PBXNativeTarget "KitchenSinkTests" */ = {
			isa = XCConfigurationList;
			buildConfigurations = (
				830991F31B7140C5007FCDAB /* Debug */,
				830991F41B7140C5007FCDAB /* Release */,
			);
			defaultConfigurationIsVisible = 0;
		};
		830992151B714128007FCDAB /* Build configuration list for PBXNativeTarget "KitchenSink WatchKit App" */ = {
			isa = XCConfigurationList;
			buildConfigurations = (
				830992161B714128007FCDAB /* Debug */,
				830992171B714128007FCDAB /* Release */,
			);
			defaultConfigurationIsVisible = 0;
		};
		830992181B714128007FCDAB /* Build configuration list for PBXNativeTarget "KitchenSink WatchKit Extension" */ = {
			isa = XCConfigurationList;
			buildConfigurations = (
				830992191B714128007FCDAB /* Debug */,
				8309921A1B714128007FCDAB /* Release */,
			);
			defaultConfigurationIsVisible = 0;
		};
		8309922B1B714171007FCDAB /* Build configuration list for PBXNativeTarget "ActionExtension" */ = {
			isa = XCConfigurationList;
			buildConfigurations = (
				8309922C1B714171007FCDAB /* Debug */,
				8309922D1B714171007FCDAB /* Release */,
			);
			defaultConfigurationIsVisible = 0;
		};
		8309923B1B7151A3007FCDAB /* Build configuration list for PBXNativeTarget "CustomKeyboard" */ = {
			isa = XCConfigurationList;
			buildConfigurations = (
				8309923C1B7151A3007FCDAB /* Debug */,
				8309923D1B7151A3007FCDAB /* Release */,
			);
			defaultConfigurationIsVisible = 0;
		};
		8309925C1B7151BF007FCDAB /* Build configuration list for PBXNativeTarget "DocumentProviderFileProvider" */ = {
			isa = XCConfigurationList;
			buildConfigurations = (
				8309925D1B7151BF007FCDAB /* Debug */,
				8309925E1B7151BF007FCDAB /* Release */,
			);
			defaultConfigurationIsVisible = 0;
		};
		8309925F1B7151BF007FCDAB /* Build configuration list for PBXNativeTarget "DocumentProvider" */ = {
			isa = XCConfigurationList;
			buildConfigurations = (
				830992601B7151BF007FCDAB /* Debug */,
				830992611B7151BF007FCDAB /* Release */,
			);
			defaultConfigurationIsVisible = 0;
		};
		830992761B715343007FCDAB /* Build configuration list for PBXNativeTarget "PhotoEditingExtension" */ = {
			isa = XCConfigurationList;
			buildConfigurations = (
				830992771B715343007FCDAB /* Debug */,
				830992781B715343007FCDAB /* Release */,
			);
			defaultConfigurationIsVisible = 0;
		};
		830992881B715353007FCDAB /* Build configuration list for PBXNativeTarget "ShareExtension" */ = {
			isa = XCConfigurationList;
			buildConfigurations = (
				830992891B715353007FCDAB /* Debug */,
				8309928A1B715353007FCDAB /* Release */,
			);
			defaultConfigurationIsVisible = 0;
		};
		8309929C1B71535B007FCDAB /* Build configuration list for PBXNativeTarget "TodayExtension" */ = {
			isa = XCConfigurationList;
			buildConfigurations = (
				8309929D1B71535B007FCDAB /* Debug */,
				8309929E1B71535B007FCDAB /* Release */,
			);
			defaultConfigurationIsVisible = 0;
		};
/* End XCConfigurationList section */
	};
	rootObject = 830991C81B7140C5007FCDAB /* Project object */;
}
