<?xml version="1.0" encoding="UTF-8"?>
<Scheme
   LastUpgradeVersion = "0640"
   version = "2.0">
   <BuildAction
      parallelizeBuildables = "YES"
      buildImplicitDependencies = "YES">
      <BuildActionEntries>
         <BuildActionEntry
            buildForTesting = "YES"
            buildForRunning = "YES"
            buildForProfiling = "YES"
            buildForArchiving = "YES"
            buildForAnalyzing = "YES">
            <BuildableReference
               BuildableIdentifier = "primary"
               BlueprintIdentifier = "830992051B714128007FCDAB"
               BuildableName = "KitchenSink WatchKit App.app"
               BlueprintName = "KitchenSink WatchKit App"
               ReferencedContainer = "container:KitchenSink.xcodeproj">
            </BuildableReference>
         </BuildActionEntry>
         <BuildActionEntry
            buildForTesting = "YES"
            buildForRunning = "YES"
            buildForProfiling = "YES"
            buildForArchiving = "YES"
            buildForAnalyzing = "YES">
            <BuildableReference
               BuildableIdentifier = "primary"
               BlueprintIdentifier = "830991CF1B7140C5007FCDAB"
               BuildableName = "KitchenSink.app"
               BlueprintName = "KitchenSink"
               ReferencedContainer = "container:KitchenSink.xcodeproj">
            </BuildableReference>
         </BuildActionEntry>
         <BuildActionEntry
            buildForTesting = "YES"
            buildForRunning = "YES"
            buildForProfiling = "YES"
            buildForArchiving = "YES"
            buildForAnalyzing = "YES">
            <BuildableReference
               BuildableIdentifier = "primary"
               BlueprintIdentifier = "830991F81B714128007FCDAB"
               BuildableName = "KitchenSink WatchKit Extension.appex"
               BlueprintName = "KitchenSink WatchKit Extension"
               ReferencedContainer = "container:KitchenSink.xcodeproj">
            </BuildableReference>
         </BuildActionEntry>
      </BuildActionEntries>
   </BuildAction>
   <TestAction
      selectedDebuggerIdentifier = "Xcode.DebuggerFoundation.Debugger.LLDB"
      selectedLauncherIdentifier = "Xcode.DebuggerFoundation.Launcher.LLDB"
      shouldUseLaunchSchemeArgsEnv = "YES"
      buildConfiguration = "Debug">
      <Testables>
      </Testables>
      <MacroExpansion>
         <BuildableReference
            BuildableIdentifier = "primary"
            BlueprintIdentifier = "830992051B714128007FCDAB"
            BuildableName = "KitchenSink WatchKit App.app"
            BlueprintName = "KitchenSink WatchKit App"
            ReferencedContainer = "container:KitchenSink.xcodeproj">
         </BuildableReference>
      </MacroExpansion>
   </TestAction>
   <LaunchAction
      selectedDebuggerIdentifier = "Xcode.DebuggerFoundation.Debugger.LLDB"
      selectedLauncherIdentifier = "Xcode.DebuggerFoundation.Launcher.LLDB"
      launchStyle = "0"
      useCustomWorkingDirectory = "NO"
      buildConfiguration = "Debug"
      ignoresPersistentStateOnLaunch = "NO"
      debugDocumentVersioning = "YES"
      allowLocationSimulation = "YES"
      launchAutomaticallySubstyle = "8">
      <RemoteRunnable
         runnableDebuggingMode = "2"
         BundleIdentifier = "com.apple.springboard"
         RemotePath = "/KitchenSink">
         <BuildableReference
            BuildableIdentifier = "primary"
            BlueprintIdentifier = "830992051B714128007FCDAB"
            BuildableName = "KitchenSink WatchKit App.app"
            BlueprintName = "KitchenSink WatchKit App"
            ReferencedContainer = "container:KitchenSink.xcodeproj">
         </BuildableReference>
      </RemoteRunnable>
      <MacroExpansion>
         <BuildableReference
            BuildableIdentifier = "primary"
            BlueprintIdentifier = "830992051B714128007FCDAB"
            BuildableName = "KitchenSink WatchKit App.app"
            BlueprintName = "KitchenSink WatchKit App"
            ReferencedContainer = "container:KitchenSink.xcodeproj">
         </BuildableReference>
      </MacroExpansion>
      <AdditionalOptions>
      </AdditionalOptions>
   </LaunchAction>
   <ProfileAction
      shouldUseLaunchSchemeArgsEnv = "YES"
      savedToolIdentifier = ""
      useCustomWorkingDirectory = "NO"
      buildConfiguration = "Release"
      debugDocumentVersioning = "YES"
      launchAutomaticallySubstyle = "8">
      <RemoteRunnable
         runnableDebuggingMode = "2"
         BundleIdentifier = "com.apple.springboard"
         RemotePath = "/KitchenSink">
         <BuildableReference
            BuildableIdentifier = "primary"
            BlueprintIdentifier = "830992051B714128007FCDAB"
            BuildableName = "KitchenSink WatchKit App.app"
            BlueprintName = "KitchenSink WatchKit App"
            ReferencedContainer = "container:KitchenSink.xcodeproj">
         </BuildableReference>
      </RemoteRunnable>
      <MacroExpansion>
         <BuildableReference
            BuildableIdentifier = "primary"
            BlueprintIdentifier = "830992051B714128007FCDAB"
            BuildableName = "KitchenSink WatchKit App.app"
            BlueprintName = "KitchenSink WatchKit App"
            ReferencedContainer = "container:KitchenSink.xcodeproj">
         </BuildableReference>
      </MacroExpansion>
   </ProfileAction>
   <AnalyzeAction
      buildConfiguration = "Debug">
   </AnalyzeAction>
   <ArchiveAction
      buildConfiguration = "Release"
      revealArchiveInOrganizer = "YES">
   </ArchiveAction>
</Scheme>
